
Microsoft Visual Studio Solution File, Format Version 12.00
# Visual Studio 15
VisualStudioVersion = 15.0.28307.136
MinimumVisualStudioVersion = 10.0.40219.1
Project("{FAE04EC0-301F-11D3-BF4B-00C04F79EFBC}") = "NETCoreCRUDOperations", "NETCoreCRUDOperations\NETCoreCRUDOperations.csproj", "{3511B561-2E0B-4384-8F88-6A3D8C38B58E}"
EndProject
Global
	GlobalSection(SolutionConfigurationPlatforms) = preSolution
		Debug|Any CPU = Debug|Any CPU
		Release|Any CPU = Release|Any CPU
	EndGlobalSection
	GlobalSection(ProjectConfigurationPlatforms) = postSolution
		{3511B561-2E0B-4384-8F88-6A3D8C38B58E}.Debug|Any CPU.ActiveCfg = Debug|Any CPU
		{3511B561-2E0B-4384-8F88-6A3D8C38B58E}.Debug|Any CPU.Build.0 = Debug|Any CPU
		{3511B561-2E0B-4384-8F88-6A3D8C38B58E}.Release|Any CPU.ActiveCfg = Release|Any CPU
		{3511B561-2E0B-4384-8F88-6A3D8C38B58E}.Release|Any CPU.Build.0 = Release|Any CPU
	EndGlobalSection
	GlobalSection(SolutionProperties) = preSolution
		HideSolutionNode = FALSE
	EndGlobalSection
	GlobalSection(ExtensibilityGlobals) = postSolution
		SolutionGuid = {BDCB61B0-148A-4743-8665-0267558088FC}
	EndGlobalSection
EndGlobal
